
Microsoft Visual Studio Solution File, Format Version 12.00
# Visual Studio 2012
Project("{1FAC5C55-277D-4884-94A4-83DBDAF57E56}") = "UnityVS.Eat_Em_All.UnityScript", "UnityVS.Eat_Em_All.UnityScript.unityproj", "{11E35E43-E767-1359-0520-306C11D98A75}"
EndProject
Global
	GlobalSection(SolutionConfigurationPlatforms) = preSolution
		Debug|Any CPU = Debug|Any CPU
		Release|Any CPU = Release|Any CPU
	EndGlobalSection
	GlobalSection(ProjectConfigurationPlatforms) = postSolution
		{11E35E43-E767-1359-0520-306C11D98A75}.Debug|Any CPU.ActiveCfg = Debug|Any CPU
		{11E35E43-E767-1359-0520-306C11D98A75}.Debug|Any CPU.Build.0 = Debug|Any CPU
		{11E35E43-E767-1359-0520-306C11D98A75}.Release|Any CPU.ActiveCfg = Release|Any CPU
		{11E35E43-E767-1359-0520-306C11D98A75}.Release|Any CPU.Build.0 = Release|Any CPU
	EndGlobalSection
	GlobalSection(SolutionProperties) = preSolution
		HideSolutionNode = FALSE
	EndGlobalSection
EndGlobal
